
Microsoft Visual Studio Solution File, Format Version 12.00
# Visual Studio Version 17
VisualStudioVersion = 17.10.35027.167
MinimumVisualStudioVersion = 10.0.40219.1
Project("{FAE04EC0-301F-11D3-BF4B-00C04F79EFBC}") = "CHUATHITHUNET103", "CHUATHITHUNET103\CHUATHITHUNET103.csproj", "{E6D0B571-B0A5-4745-9749-93E083B76B99}"
EndProject
Global
	GlobalSection(SolutionConfigurationPlatforms) = preSolution
		Debug|Any CPU = Debug|Any CPU
		Release|Any CPU = Release|Any CPU
	EndGlobalSection
	GlobalSection(ProjectConfigurationPlatforms) = postSolution
		{E6D0B571-B0A5-4745-9749-93E083B76B99}.Debug|Any CPU.ActiveCfg = Debug|Any CPU
		{E6D0B571-B0A5-4745-9749-93E083B76B99}.Debug|Any CPU.Build.0 = Debug|Any CPU
		{E6D0B571-B0A5-4745-9749-93E083B76B99}.Release|Any CPU.ActiveCfg = Release|Any CPU
		{E6D0B571-B0A5-4745-9749-93E083B76B99}.Release|Any CPU.Build.0 = Release|Any CPU
	EndGlobalSection
	GlobalSection(SolutionProperties) = preSolution
		HideSolutionNode = FALSE
	EndGlobalSection
	GlobalSection(ExtensibilityGlobals) = postSolution
		SolutionGuid = {956FF6FF-723A-45DB-B8D9-902E9957EFE9}
	EndGlobalSection
EndGlobal
